
Microsoft Visual Studio Solution File, Format Version 12.00
# Visual Studio Version 16
VisualStudioVersion = 16.0.30413.136
MinimumVisualStudioVersion = 10.0.40219.1
Project("{FAE04EC0-301F-11D3-BF4B-00C04F79EFBC}") = "GlobalGames", "GlobalGames\GlobalGames.csproj", "{474ACFFF-458E-4162-96E0-172ABDC15847}"
EndProject
Global
	GlobalSection(SolutionConfigurationPlatforms) = preSolution
		Debug|Any CPU = Debug|Any CPU
		Release|Any CPU = Release|Any CPU
	EndGlobalSection
	GlobalSection(ProjectConfigurationPlatforms) = postSolution
		{474ACFFF-458E-4162-96E0-172ABDC15847}.Debug|Any CPU.ActiveCfg = Debug|Any CPU
		{474ACFFF-458E-4162-96E0-172ABDC15847}.Debug|Any CPU.Build.0 = Debug|Any CPU
		{474ACFFF-458E-4162-96E0-172ABDC15847}.Release|Any CPU.ActiveCfg = Release|Any CPU
		{474ACFFF-458E-4162-96E0-172ABDC15847}.Release|Any CPU.Build.0 = Release|Any CPU
	EndGlobalSection
	GlobalSection(SolutionProperties) = preSolution
		HideSolutionNode = FALSE
	EndGlobalSection
	GlobalSection(ExtensibilityGlobals) = postSolution
		SolutionGuid = {FF959A7C-CE24-468C-A238-901F8FB29BEA}
	EndGlobalSection
EndGlobal
